// !$*UTF8*$!
{
	archiveVersion = 1;
	classes = {
	};
	objectVersion = 48;
	objects = {

/* Begin PBXBuildFile section */
		162DC34E200FB9EF00D43621 /* AppDelegate.swift in Sources */ = {isa = PBXBuildFile; fileRef = 162DC34D200FB9EF00D43621 /* AppDelegate.swift */; };
		162DC350200FB9EF00D43621 /* ToDoListViewController.swift in Sources */ = {isa = PBXBuildFile; fileRef = 162DC34F200FB9EF00D43621 /* ToDoListViewController.swift */; };
		162DC353200FB9EF00D43621 /* Main.storyboard in Resources */ = {isa = PBXBuildFile; fileRef = 162DC351200FB9EF00D43621 /* Main.storyboard */; };
		162DC355200FB9EF00D43621 /* Assets.xcassets in Resources */ = {isa = PBXBuildFile; fileRef = 162DC354200FB9EF00D43621 /* Assets.xcassets */; };
		162DC358200FB9EF00D43621 /* LaunchScreen.storyboard in Resources */ = {isa = PBXBuildFile; fileRef = 162DC356200FB9EF00D43621 /* LaunchScreen.storyboard */; };
		162DC3602010FD2C00D43621 /* Item.swift in Sources */ = {isa = PBXBuildFile; fileRef = 162DC35F2010FD2C00D43621 /* Item.swift */; };
/* End PBXBuildFile section */

/* Begin PBXFileReference section */
		162DC34A200FB9EF00D43621 /* Todoey.app */ = {isa = PBXFileReference; explicitFileType = wrapper.application; includeInIndex = 0; path = Todoey.app; sourceTree = BUILT_PRODUCTS_DIR; };
		162DC34D200FB9EF00D43621 /* AppDelegate.swift */ = {isa = PBXFileReference; lastKnownFileType = sourcecode.swift; path = AppDelegate.swift; sourceTree = "<group>"; };
		162DC34F200FB9EF00D43621 /* ToDoListViewController.swift */ = {isa = PBXFileReference; lastKnownFileType = sourcecode.swift; path = ToDoListViewController.swift; sourceTree = "<group>"; };
		162DC352200FB9EF00D43621 /* Base */ = {isa = PBXFileReference; lastKnownFileType = file.storyboard; name = Base; path = Base.lproj/Main.storyboard; sourceTree = "<group>"; };
		162DC354200FB9EF00D43621 /* Assets.xcassets */ = {isa = PBXFileReference; lastKnownFileType = folder.assetcatalog; path = Assets.xcassets; sourceTree = "<group>"; };
		162DC357200FB9EF00D43621 /* Base */ = {isa = PBXFileReference; lastKnownFileType = file.storyboard; name = Base; path = Base.lproj/LaunchScreen.storyboard; sourceTree = "<group>"; };
		162DC359200FB9EF00D43621 /* Info.plist */ = {isa = PBXFileReference; lastKnownFileType = text.plist.xml; path = Info.plist; sourceTree = "<group>"; };
		162DC35F2010FD2C00D43621 /* Item.swift */ = {isa = PBXFileReference; lastKnownFileType = sourcecode.swift; path = Item.swift; sourceTree = "<group>"; };
/* End PBXFileReference section */

/* Begin PBXFrameworksBuildPhase section */
		162DC347200FB9EE00D43621 /* Frameworks */ = {
			isa = PBXFrameworksBuildPhase;
			buildActionMask = 2147483647;
			files = (
			);
			runOnlyForDeploymentPostprocessing = 0;
		};
/* End PBXFrameworksBuildPhase section */

/* Begin PBXGroup section */
		162DC341200FB9EE00D43621 = {
			isa = PBXGroup;
			children = (
				162DC34C200FB9EF00D43621 /* Todoey */,
				162DC34B200FB9EF00D43621 /* Products */,
			);
			sourceTree = "<group>";
		};
		162DC34B200FB9EF00D43621 /* Products */ = {
			isa = PBXGroup;
			children = (
				162DC34A200FB9EF00D43621 /* Todoey.app */,
			);
			name = Products;
			sourceTree = "<group>";
		};
		162DC34C200FB9EF00D43621 /* Todoey */ = {
			isa = PBXGroup;
			children = (
				162DC34D200FB9EF00D43621 /* AppDelegate.swift */,
				162DC3612010FD3800D43621 /* Data Model */,
				162DC3622010FD5400D43621 /* Controllers */,
				162DC3632010FD6B00D43621 /* Views */,
				162DC3642010FD8800D43621 /* Supporting Files */,
				162DC359200FB9EF00D43621 /* Info.plist */,
			);
			path = Todoey;
			sourceTree = "<group>";
		};
		162DC3612010FD3800D43621 /* Data Model */ = {
			isa = PBXGroup;
			children = (
				162DC35F2010FD2C00D43621 /* Item.swift */,
			);
			path = "Data Model";
			sourceTree = "<group>";
		};
		162DC3622010FD5400D43621 /* Controllers */ = {
			isa = PBXGroup;
			children = (
				162DC34F200FB9EF00D43621 /* ToDoListViewController.swift */,
			);
			path = Controllers;
			sourceTree = "<group>";
		};
		162DC3632010FD6B00D43621 /* Views */ = {
			isa = PBXGroup;
			children = (
				162DC351200FB9EF00D43621 /* Main.storyboard */,
			);
			path = Views;
			sourceTree = "<group>";
		};
		162DC3642010FD8800D43621 /* Supporting Files */ = {
			isa = PBXGroup;
			children = (
				162DC354200FB9EF00D43621 /* Assets.xcassets */,
				162DC356200FB9EF00D43621 /* LaunchScreen.storyboard */,
			);
			path = "Supporting Files";
			sourceTree = "<group>";
		};
/* End PBXGroup section */

/* Begin PBXNativeTarget section */
		162DC349200FB9EE00D43621 /* Todoey */ = {
			isa = PBXNativeTarget;
			buildConfigurationList = 162DC35C200FB9EF00D43621 /* Build configuration list for PBXNativeTarget "Todoey" */;
			buildPhases = (
				162DC346200FB9EE00D43621 /* Sources */,
				162DC347200FB9EE00D43621 /* Frameworks */,
				162DC348200FB9EE00D43621 /* Resources */,
			);
			buildRules = (
			);
			dependencies = (
			);
			name = Todoey;
			productName = Todoey;
			productReference = 162DC34A200FB9EF00D43621 /* Todoey.app */;
			productType = "com.apple.product-type.application";
		};
/* End PBXNativeTarget section */

/* Begin PBXProject section */
		162DC342200FB9EE00D43621 /* Project object */ = {
			isa = PBXProject;
			attributes = {
				LastSwiftUpdateCheck = 0920;
				LastUpgradeCheck = 0920;
				ORGANIZATIONNAME = "USEngineering Solutions";
				TargetAttributes = {
					162DC349200FB9EE00D43621 = {
						CreatedOnToolsVersion = 9.2;
						ProvisioningStyle = Automatic;
					};
				};
			};
			buildConfigurationList = 162DC345200FB9EE00D43621 /* Build configuration list for PBXProject "Todoey" */;
			compatibilityVersion = "Xcode 8.0";
			developmentRegion = en;
			hasScannedForEncodings = 0;
			knownRegions = (
				en,
				Base,
			);
			mainGroup = 162DC341200FB9EE00D43621;
			productRefGroup = 162DC34B200FB9EF00D43621 /* Products */;
			projectDirPath = "";
			projectRoot = "";
			targets = (
				162DC349200FB9EE00D43621 /* Todoey */,
			);
		};
/* End PBXProject section */

/* Begin PBXResourcesBuildPhase section */
		162DC348200FB9EE00D43621 /* Resources */ = {
			isa = PBXResourcesBuildPhase;
			buildActionMask = 2147483647;
			files = (
				162DC358200FB9EF00D43621 /* LaunchScreen.storyboard in Resources */,
				162DC355200FB9EF00D43621 /* Assets.xcassets in Resources */,
				162DC353200FB9EF00D43621 /* Main.storyboard in Resources */,
			);
			runOnlyForDeploymentPostprocessing = 0;
		};
/* End PBXResourcesBuildPhase section */

/* Begin PBXSourcesBuildPhase section */
		162DC346200FB9EE00D43621 /* Sources */ = {
			isa = PBXSourcesBuildPhase;
			buildActionMask = 2147483647;
			files = (
				162DC350200FB9EF00D43621 /* ToDoListViewController.swift in Sources */,
				162DC3602010FD2C00D43621 /* Item.swift in Sources */,
				162DC34E200FB9EF00D43621 /* AppDelegate.swift in Sources */,
			);
			runOnlyForDeploymentPostprocessing = 0;
		};
/* End PBXSourcesBuildPhase section */

/* Begin PBXVariantGroup section */
		162DC351200FB9EF00D43621 /* Main.storyboard */ = {
			isa = PBXVariantGroup;
			children = (
				162DC352200FB9EF00D43621 /* Base */,
			);
			name = Main.storyboard;
			sourceTree = "<group>";
		};
		162DC356200FB9EF00D43621 /* LaunchScreen.storyboard */ = {
			isa = PBXVariantGroup;
			children = (
				162DC357200FB9EF00D43621 /* Base */,
			);
			name = LaunchScreen.storyboard;
			sourceTree = "<group>";
		};
/* End PBXVariantGroup section */

/* Begin XCBuildConfiguration section */
		162DC35A200FB9EF00D43621 /* Debug */ = {
			isa = XCBuildConfiguration;
			buildSettings = {
				ALWAYS_SEARCH_USER_PATHS = NO;
				CLANG_ANALYZER_NONNULL = YES;
				CLANG_ANALYZER_NUMBER_OBJECT_CONVERSION = YES_AGGRESSIVE;
				CLANG_CXX_LANGUAGE_STANDARD = "gnu++14";
				CLANG_CXX_LIBRARY = "libc++";
				CLANG_ENABLE_MODULES = YES;
				CLANG_ENABLE_OBJC_ARC = YES;
				CLANG_WARN_BLOCK_CAPTURE_AUTORELEASING = YES;
				CLANG_WARN_BOOL_CONVERSION = YES;
				CLANG_WARN_COMMA = YES;
				CLANG_WARN_CONSTANT_CONVERSION = YES;
				CLANG_WARN_DIRECT_OBJC_ISA_USAGE = YES_ERROR;
				CLANG_WARN_DOCUMENTATION_COMMENTS = YES;
				CLANG_WARN_EMPTY_BODY = YES;
				CLANG_WARN_ENUM_CONVERSION = YES;
				CLANG_WARN_INFINITE_RECURSION = YES;
				CLANG_WARN_INT_CONVERSION = YES;
				CLANG_WARN_NON_LITERAL_NULL_CONVERSION = YES;
				CLANG_WARN_OBJC_LITERAL_CONVERSION = YES;
				CLANG_WARN_OBJC_ROOT_CLASS = YES_ERROR;
				CLANG_WARN_RANGE_LOOP_ANALYSIS = YES;
				CLANG_WARN_STRICT_PROTOTYPES = YES;
				CLANG_WARN_SUSPICIOUS_MOVE = YES;
				CLANG_WARN_UNGUARDED_AVAILABILITY = YES_AGGRESSIVE;
				CLANG_WARN_UNREACHABLE_CODE = YES;
				CLANG_WARN__DUPLICATE_METHOD_MATCH = YES;
				CODE_SIGN_IDENTITY = "iPhone Developer";
				COPY_PHASE_STRIP = NO;
				DEBUG_INFORMATION_FORMAT = dwarf;
				ENABLE_STRICT_OBJC_MSGSEND = YES;
				ENABLE_TESTABILITY = YES;
				GCC_C_LANGUAGE_STANDARD = gnu11;
				GCC_DYNAMIC_NO_PIC = NO;
				GCC_NO_COMMON_BLOCKS = YES;
				GCC_OPTIMIZATION_LEVEL = 0;
				GCC_PREPROCESSOR_DEFINITIONS = (
					"DEBUG=1",
					"$(inherited)",
				);
				GCC_WARN_64_TO_32_BIT_CONVERSION = YES;
				GCC_WARN_ABOUT_RETURN_TYPE = YES_ERROR;
				GCC_WARN_UNDECLARED_SELECTOR = YES;
				GCC_WARN_UNINITIALIZED_AUTOS = YES_AGGRESSIVE;
				GCC_WARN_UNUSED_FUNCTION = YES;
				GCC_WARN_UNUSED_VARIABLE = YES;
				IPHONEOS_DEPLOYMENT_TARGET = 11.2;
				MTL_ENABLE_DEBUG_INFO = YES;
				ONLY_ACTIVE_ARCH = YES;
				SDKROOT = iphoneos;
				SWIFT_ACTIVE_COMPILATION_CONDITIONS = DEBUG;
				SWIFT_OPTIMIZATION_LEVEL = "-Onone";
			};
			name = Debug;
		};
		162DC35B200FB9EF00D43621 /* Release */ = {
			isa = XCBuildConfiguration;
			buildSettings = {
				ALWAYS_SEARCH_USER_PATHS = NO;
				CLANG_ANALYZER_NONNULL = YES;
				CLANG_ANALYZER_NUMBER_OBJECT_CONVERSION = YES_AGGRESSIVE;
				CLANG_CXX_LANGUAGE_STANDARD = "gnu++14";
				CLANG_CXX_LIBRARY = "libc++";
				CLANG_ENABLE_MODULES = YES;
				CLANG_ENABLE_OBJC_ARC = YES;
				CLANG_WARN_BLOCK_CAPTURE_AUTORELEASING = YES;
				CLANG_WARN_BOOL_CONVERSION = YES;
				CLANG_WARN_COMMA = YES;
				CLANG_WARN_CONSTANT_CONVERSION = YES;
				CLANG_WARN_DIRECT_OBJC_ISA_USAGE = YES_ERROR;
				CLANG_WARN_DOCUMENTATION_COMMENTS = YES;
				CLANG_WARN_EMPTY_BODY = YES;
				CLANG_WARN_ENUM_CONVERSION = YES;
				CLANG_WARN_INFINITE_RECURSION = YES;
				CLANG_WARN_INT_CONVERSION = YES;
				CLANG_WARN_NON_LITERAL_NULL_CONVERSION = YES;
				CLANG_WARN_OBJC_LITERAL_CONVERSION = YES;
				CLANG_WARN_OBJC_ROOT_CLASS = YES_ERROR;
				CLANG_WARN_RANGE_LOOP_ANALYSIS = YES;
				CLANG_WARN_STRICT_PROTOTYPES = YES;
				CLANG_WARN_SUSPICIOUS_MOVE = YES;
				CLANG_WARN_UNGUARDED_AVAILABILITY = YES_AGGRESSIVE;
				CLANG_WARN_UNREACHABLE_CODE = YES;
				CLANG_WARN__DUPLICATE_METHOD_MATCH = YES;
				CODE_SIGN_IDENTITY = "iPhone Developer";
				COPY_PHASE_STRIP = NO;
				DEBUG_INFORMATION_FORMAT = "dwarf-with-dsym";
				ENABLE_NS_ASSERTIONS = NO;
				ENABLE_STRICT_OBJC_MSGSEND = YES;
				GCC_C_LANGUAGE_STANDARD = gnu11;
				GCC_NO_COMMON_BLOCKS = YES;
				GCC_WARN_64_TO_32_BIT_CONVERSION = YES;
				GCC_WARN_ABOUT_RETURN_TYPE = YES_ERROR;
				GCC_WARN_UNDECLARED_SELECTOR = YES;
				GCC_WARN_UNINITIALIZED_AUTOS = YES_AGGRESSIVE;
				GCC_WARN_UNUSED_FUNCTION = YES;
				GCC_WARN_UNUSED_VARIABLE = YES;
				IPHONEOS_DEPLOYMENT_TARGET = 11.2;
				MTL_ENABLE_DEBUG_INFO = NO;
				SDKROOT = iphoneos;
				SWIFT_OPTIMIZATION_LEVEL = "-Owholemodule";
				VALIDATE_PRODUCT = YES;
			};
			name = Release;
		};
		162DC35D200FB9EF00D43621 /* Debug */ = {
			isa = XCBuildConfiguration;
			buildSettings = {
				ASSETCATALOG_COMPILER_APPICON_NAME = AppIcon;
				CODE_SIGN_STYLE = Automatic;
				INFOPLIST_FILE = Todoey/Info.plist;
				LD_RUNPATH_SEARCH_PATHS = "$(inherited) @executable_path/Frameworks";
				PRODUCT_BUNDLE_IDENTIFIER = com.usengineeringsolutions.Todoey;
				PRODUCT_NAME = "$(TARGET_NAME)";
				SWIFT_VERSION = 4.0;
				TARGETED_DEVICE_FAMILY = "1,2";
			};
			name = Debug;
		};
		162DC35E200FB9EF00D43621 /* Release */ = {
			isa = XCBuildConfiguration;
			buildSettings = {
				ASSETCATALOG_COMPILER_APPICON_NAME = AppIcon;
				CODE_SIGN_STYLE = Automatic;
				INFOPLIST_FILE = Todoey/Info.plist;
				LD_RUNPATH_SEARCH_PATHS = "$(inherited) @executable_path/Frameworks";
				PRODUCT_BUNDLE_IDENTIFIER = com.usengineeringsolutions.Todoey;
				PRODUCT_NAME = "$(TARGET_NAME)";
				SWIFT_VERSION = 4.0;
				TARGETED_DEVICE_FAMILY = "1,2";
			};
			name = Release;
		};
/* End XCBuildConfiguration section */

/* Begin XCConfigurationList section */
		162DC345200FB9EE00D43621 /* Build configuration list for PBXProject "Todoey" */ = {
			isa = XCConfigurationList;
			buildConfigurations = (
				162DC35A200FB9EF00D43621 /* Debug */,
				162DC35B200FB9EF00D43621 /* Release */,
			);
			defaultConfigurationIsVisible = 0;
			defaultConfigurationName = Release;
		};
		162DC35C200FB9EF00D43621 /* Build configuration list for PBXNativeTarget "Todoey" */ = {
			isa = XCConfigurationList;
			buildConfigurations = (
				162DC35D200FB9EF00D43621 /* Debug */,
				162DC35E200FB9EF00D43621 /* Release */,
			);
			defaultConfigurationIsVisible = 0;
			defaultConfigurationName = Release;
		};
/* End XCConfigurationList section */
	};
	rootObject = 162DC342200FB9EE00D43621 /* Project object */;
}
